
Microsoft Visual Studio Solution File, Format Version 12.00
# Visual Studio Version 17
VisualStudioVersion = 17.5.33502.453
MinimumVisualStudioVersion = 10.0.40219.1
Project("{FAE04EC0-301F-11D3-BF4B-00C04F79EFBC}") = "ST_lab", "ST_lab\ST_lab.csproj", "{0B95DF2C-8C41-484E-BB60-769C1DC0CD11}"
EndProject
Global
	GlobalSection(SolutionConfigurationPlatforms) = preSolution
		Debug|Any CPU = Debug|Any CPU
		Release|Any CPU = Release|Any CPU
	EndGlobalSection
	GlobalSection(ProjectConfigurationPlatforms) = postSolution
		{0B95DF2C-8C41-484E-BB60-769C1DC0CD11}.Debug|Any CPU.ActiveCfg = Debug|Any CPU
		{0B95DF2C-8C41-484E-BB60-769C1DC0CD11}.Debug|Any CPU.Build.0 = Debug|Any CPU
		{0B95DF2C-8C41-484E-BB60-769C1DC0CD11}.Release|Any CPU.ActiveCfg = Release|Any CPU
		{0B95DF2C-8C41-484E-BB60-769C1DC0CD11}.Release|Any CPU.Build.0 = Release|Any CPU
	EndGlobalSection
	GlobalSection(SolutionProperties) = preSolution
		HideSolutionNode = FALSE
	EndGlobalSection
	GlobalSection(ExtensibilityGlobals) = postSolution
		SolutionGuid = {976AE45C-6EBB-4E65-A747-799731B85590}
	EndGlobalSection
EndGlobal
